
Microsoft Visual Studio Solution File, Format Version 12.00
# Visual Studio Version 17
VisualStudioVersion = 17.10.35122.118
MinimumVisualStudioVersion = 10.0.40219.1
Project("{8BC9CEB8-8B4A-11D0-8D11-00A0C91BC942}") = "HelloAlgo", "HelloAlgo\HelloAlgo.vcxproj", "{6C74B545-F30A-453E-A17A-78704A6B5748}"
EndProject
Project("{8BC9CEB8-8B4A-11D0-8D11-00A0C91BC942}") = "Array_Test", "Array_Test\Array_Test.vcxproj", "{73EE1A52-FD16-4B82-93EE-D2045445B028}"
EndProject
Global
	GlobalSection(SolutionConfigurationPlatforms) = preSolution
		Debug|x64 = Debug|x64
		Debug|x86 = Debug|x86
		Release|x64 = Release|x64
		Release|x86 = Release|x86
	EndGlobalSection
	GlobalSection(ProjectConfigurationPlatforms) = postSolution
		{6C74B545-F30A-453E-A17A-78704A6B5748}.Debug|x64.ActiveCfg = Debug|x64
		{6C74B545-F30A-453E-A17A-78704A6B5748}.Debug|x64.Build.0 = Debug|x64
		{6C74B545-F30A-453E-A17A-78704A6B5748}.Debug|x86.ActiveCfg = Debug|Win32
		{6C74B545-F30A-453E-A17A-78704A6B5748}.Debug|x86.Build.0 = Debug|Win32
		{6C74B545-F30A-453E-A17A-78704A6B5748}.Release|x64.ActiveCfg = Release|x64
		{6C74B545-F30A-453E-A17A-78704A6B5748}.Release|x64.Build.0 = Release|x64
		{6C74B545-F30A-453E-A17A-78704A6B5748}.Release|x86.ActiveCfg = Release|Win32
		{6C74B545-F30A-453E-A17A-78704A6B5748}.Release|x86.Build.0 = Release|Win32
		{73EE1A52-FD16-4B82-93EE-D2045445B028}.Debug|x64.ActiveCfg = Debug|x64
		{73EE1A52-FD16-4B82-93EE-D2045445B028}.Debug|x64.Build.0 = Debug|x64
		{73EE1A52-FD16-4B82-93EE-D2045445B028}.Debug|x86.ActiveCfg = Debug|Win32
		{73EE1A52-FD16-4B82-93EE-D2045445B028}.Debug|x86.Build.0 = Debug|Win32
		{73EE1A52-FD16-4B82-93EE-D2045445B028}.Release|x64.ActiveCfg = Release|x64
		{73EE1A52-FD16-4B82-93EE-D2045445B028}.Release|x64.Build.0 = Release|x64
		{73EE1A52-FD16-4B82-93EE-D2045445B028}.Release|x86.ActiveCfg = Release|Win32
		{73EE1A52-FD16-4B82-93EE-D2045445B028}.Release|x86.Build.0 = Release|Win32
	EndGlobalSection
	GlobalSection(SolutionProperties) = preSolution
		HideSolutionNode = FALSE
	EndGlobalSection
	GlobalSection(ExtensibilityGlobals) = postSolution
		SolutionGuid = {B3180A80-75A4-4207-8D16-CB1EA6A8BA68}
	EndGlobalSection
EndGlobal
